
Microsoft Visual Studio Solution File, Format Version 12.00
# Visual Studio 14
VisualStudioVersion = 14.0.25420.1
MinimumVisualStudioVersion = 10.0.40219.1
Project("{FAE04EC0-301F-11D3-BF4B-00C04F79EFBC}") = "Final_Project_Matthew_Lane", "Assignment_2_Matthew_Lane\Final_Project_Matthew_Lane.csproj", "{596975B9-EAE1-4E4E-BCE1-48BEB98C96E1}"
EndProject
Project("{FAE04EC0-301F-11D3-BF4B-00C04F79EFBC}") = "Final_Project_Matthew_Lane_Tests", "Assignment_2_Matthew_Lane.Tests\Final_Project_Matthew_Lane_Tests.csproj", "{9442BB3E-11F5-4926-866B-C1998460185C}"
EndProject
Global
	GlobalSection(SolutionConfigurationPlatforms) = preSolution
		Debug|Any CPU = Debug|Any CPU
		Release|Any CPU = Release|Any CPU
	EndGlobalSection
	GlobalSection(ProjectConfigurationPlatforms) = postSolution
		{596975B9-EAE1-4E4E-BCE1-48BEB98C96E1}.Debug|Any CPU.ActiveCfg = Debug|Any CPU
		{596975B9-EAE1-4E4E-BCE1-48BEB98C96E1}.Debug|Any CPU.Build.0 = Debug|Any CPU
		{596975B9-EAE1-4E4E-BCE1-48BEB98C96E1}.Release|Any CPU.ActiveCfg = Release|Any CPU
		{596975B9-EAE1-4E4E-BCE1-48BEB98C96E1}.Release|Any CPU.Build.0 = Release|Any CPU
		{9442BB3E-11F5-4926-866B-C1998460185C}.Debug|Any CPU.ActiveCfg = Debug|Any CPU
		{9442BB3E-11F5-4926-866B-C1998460185C}.Debug|Any CPU.Build.0 = Debug|Any CPU
		{9442BB3E-11F5-4926-866B-C1998460185C}.Release|Any CPU.ActiveCfg = Release|Any CPU
		{9442BB3E-11F5-4926-866B-C1998460185C}.Release|Any CPU.Build.0 = Release|Any CPU
	EndGlobalSection
	GlobalSection(SolutionProperties) = preSolution
		HideSolutionNode = FALSE
	EndGlobalSection
EndGlobal
